
Microsoft Visual Studio Solution File, Format Version 12.00
# Visual Studio Version 16
VisualStudioVersion = 16.0.29613.14
MinimumVisualStudioVersion = 10.0.40219.1
Project("{9A19103F-16F7-4668-BE54-9A1E7A4F7556}") = "StockWishlist", "StockWishlist\StockWishlist.csproj", "{648EF048-7BD1-47E3-9563-3C463BCDC291}"
EndProject
Global
	GlobalSection(SolutionConfigurationPlatforms) = preSolution
		Debug|Any CPU = Debug|Any CPU
		Release|Any CPU = Release|Any CPU
	EndGlobalSection
	GlobalSection(ProjectConfigurationPlatforms) = postSolution
		{648EF048-7BD1-47E3-9563-3C463BCDC291}.Debug|Any CPU.ActiveCfg = Debug|Any CPU
		{648EF048-7BD1-47E3-9563-3C463BCDC291}.Debug|Any CPU.Build.0 = Debug|Any CPU
		{648EF048-7BD1-47E3-9563-3C463BCDC291}.Release|Any CPU.ActiveCfg = Release|Any CPU
		{648EF048-7BD1-47E3-9563-3C463BCDC291}.Release|Any CPU.Build.0 = Release|Any CPU
	EndGlobalSection
	GlobalSection(SolutionProperties) = preSolution
		HideSolutionNode = FALSE
	EndGlobalSection
	GlobalSection(ExtensibilityGlobals) = postSolution
		SolutionGuid = {370911ED-2AFB-473D-A5D3-11B8EFB9C5EA}
	EndGlobalSection
EndGlobal
